
Microsoft Visual Studio Solution File, Format Version 12.00
# Visual Studio 15
VisualStudioVersion = 15.0.28307.329
MinimumVisualStudioVersion = 10.0.40219.1
Project("{FAE04EC0-301F-11D3-BF4B-00C04F79EFBC}") = "Task 4", "Task 4\Task 4.csproj", "{4E81AD7B-EEAC-4F90-A75B-2F990A26D874}"
EndProject
Global
	GlobalSection(SolutionConfigurationPlatforms) = preSolution
		Debug|Any CPU = Debug|Any CPU
		Release|Any CPU = Release|Any CPU
	EndGlobalSection
	GlobalSection(ProjectConfigurationPlatforms) = postSolution
		{4E81AD7B-EEAC-4F90-A75B-2F990A26D874}.Debug|Any CPU.ActiveCfg = Debug|Any CPU
		{4E81AD7B-EEAC-4F90-A75B-2F990A26D874}.Debug|Any CPU.Build.0 = Debug|Any CPU
		{4E81AD7B-EEAC-4F90-A75B-2F990A26D874}.Release|Any CPU.ActiveCfg = Release|Any CPU
		{4E81AD7B-EEAC-4F90-A75B-2F990A26D874}.Release|Any CPU.Build.0 = Release|Any CPU
	EndGlobalSection
	GlobalSection(SolutionProperties) = preSolution
		HideSolutionNode = FALSE
	EndGlobalSection
	GlobalSection(ExtensibilityGlobals) = postSolution
		SolutionGuid = {6412F0D9-2DC1-49CC-8514-15ECCBEA0E65}
	EndGlobalSection
EndGlobal
