
Microsoft Visual Studio Solution File, Format Version 12.00
# Visual Studio 15
VisualStudioVersion = 15.0.28307.329
MinimumVisualStudioVersion = 10.0.40219.1
Project("{FAE04EC0-301F-11D3-BF4B-00C04F79EFBC}") = "ConsoleApp1", "ConsoleApp1\ConsoleApp1.csproj", "{76B8EDC4-1805-421F-9BB2-A915AE604094}"
EndProject
Global
	GlobalSection(SolutionConfigurationPlatforms) = preSolution
		Debug|Any CPU = Debug|Any CPU
		Release|Any CPU = Release|Any CPU
	EndGlobalSection
	GlobalSection(ProjectConfigurationPlatforms) = postSolution
		{76B8EDC4-1805-421F-9BB2-A915AE604094}.Debug|Any CPU.ActiveCfg = Debug|Any CPU
		{76B8EDC4-1805-421F-9BB2-A915AE604094}.Debug|Any CPU.Build.0 = Debug|Any CPU
		{76B8EDC4-1805-421F-9BB2-A915AE604094}.Release|Any CPU.ActiveCfg = Release|Any CPU
		{76B8EDC4-1805-421F-9BB2-A915AE604094}.Release|Any CPU.Build.0 = Release|Any CPU
	EndGlobalSection
	GlobalSection(SolutionProperties) = preSolution
		HideSolutionNode = FALSE
	EndGlobalSection
	GlobalSection(ExtensibilityGlobals) = postSolution
		SolutionGuid = {C45DE76F-F2BE-42A5-A10F-62AB2401D102}
	EndGlobalSection
EndGlobal
