
Microsoft Visual Studio Solution File, Format Version 12.00
# Visual Studio 15
VisualStudioVersion = 15.0.28307.329
MinimumVisualStudioVersion = 10.0.40219.1
Project("{FAE04EC0-301F-11D3-BF4B-00C04F79EFBC}") = "Task1", "Task1\Task1.csproj", "{5EC5070F-7D1A-4F24-915E-33407C1DE9A6}"
EndProject
Global
	GlobalSection(SolutionConfigurationPlatforms) = preSolution
		Debug|Any CPU = Debug|Any CPU
		Release|Any CPU = Release|Any CPU
	EndGlobalSection
	GlobalSection(ProjectConfigurationPlatforms) = postSolution
		{5EC5070F-7D1A-4F24-915E-33407C1DE9A6}.Debug|Any CPU.ActiveCfg = Debug|Any CPU
		{5EC5070F-7D1A-4F24-915E-33407C1DE9A6}.Debug|Any CPU.Build.0 = Debug|Any CPU
		{5EC5070F-7D1A-4F24-915E-33407C1DE9A6}.Release|Any CPU.ActiveCfg = Release|Any CPU
		{5EC5070F-7D1A-4F24-915E-33407C1DE9A6}.Release|Any CPU.Build.0 = Release|Any CPU
	EndGlobalSection
	GlobalSection(SolutionProperties) = preSolution
		HideSolutionNode = FALSE
	EndGlobalSection
	GlobalSection(ExtensibilityGlobals) = postSolution
		SolutionGuid = {031E9601-26C0-4935-B1B0-9B9C2B829FC2}
	EndGlobalSection
EndGlobal
