
Microsoft Visual Studio Solution File, Format Version 12.00
# Visual Studio 15
VisualStudioVersion = 15.0.28307.329
MinimumVisualStudioVersion = 10.0.40219.1
Project("{FAE04EC0-301F-11D3-BF4B-00C04F79EFBC}") = "Task 3", "Task 3\Task 3.csproj", "{394DE423-2228-4559-8583-237137E335AA}"
EndProject
Global
	GlobalSection(SolutionConfigurationPlatforms) = preSolution
		Debug|Any CPU = Debug|Any CPU
		Release|Any CPU = Release|Any CPU
	EndGlobalSection
	GlobalSection(ProjectConfigurationPlatforms) = postSolution
		{394DE423-2228-4559-8583-237137E335AA}.Debug|Any CPU.ActiveCfg = Debug|Any CPU
		{394DE423-2228-4559-8583-237137E335AA}.Debug|Any CPU.Build.0 = Debug|Any CPU
		{394DE423-2228-4559-8583-237137E335AA}.Release|Any CPU.ActiveCfg = Release|Any CPU
		{394DE423-2228-4559-8583-237137E335AA}.Release|Any CPU.Build.0 = Release|Any CPU
	EndGlobalSection
	GlobalSection(SolutionProperties) = preSolution
		HideSolutionNode = FALSE
	EndGlobalSection
	GlobalSection(ExtensibilityGlobals) = postSolution
		SolutionGuid = {7F3B04CE-12F0-42AC-92EE-767F74F2A8D1}
	EndGlobalSection
EndGlobal
