
Microsoft Visual Studio Solution File, Format Version 12.00
# Visual Studio 15
VisualStudioVersion = 15.0.28307.329
MinimumVisualStudioVersion = 10.0.40219.1
Project("{FAE04EC0-301F-11D3-BF4B-00C04F79EFBC}") = "Task 1", "Task 1\Task 1.csproj", "{B111EB60-1403-4DC9-A812-9C89F1A132B5}"
EndProject
Global
	GlobalSection(SolutionConfigurationPlatforms) = preSolution
		Debug|Any CPU = Debug|Any CPU
		Release|Any CPU = Release|Any CPU
	EndGlobalSection
	GlobalSection(ProjectConfigurationPlatforms) = postSolution
		{B111EB60-1403-4DC9-A812-9C89F1A132B5}.Debug|Any CPU.ActiveCfg = Debug|Any CPU
		{B111EB60-1403-4DC9-A812-9C89F1A132B5}.Debug|Any CPU.Build.0 = Debug|Any CPU
		{B111EB60-1403-4DC9-A812-9C89F1A132B5}.Release|Any CPU.ActiveCfg = Release|Any CPU
		{B111EB60-1403-4DC9-A812-9C89F1A132B5}.Release|Any CPU.Build.0 = Release|Any CPU
	EndGlobalSection
	GlobalSection(SolutionProperties) = preSolution
		HideSolutionNode = FALSE
	EndGlobalSection
	GlobalSection(ExtensibilityGlobals) = postSolution
		SolutionGuid = {74E17CA9-4C3E-4844-B348-F3764D62035C}
	EndGlobalSection
EndGlobal
